
Microsoft Visual Studio Solution File, Format Version 12.00
# Visual Studio Version 16
VisualStudioVersion = 25.0.1705.0
MinimumVisualStudioVersion = 10.0.40219.1
Project("{FAE04EC0-301F-11D3-BF4B-00C04F79EFBC}") = "TestMain", "TestMain\TestMain.csproj", "{EF0634E7-4E18-4325-8402-9972FE1D59CE}"
EndProject
Global
	GlobalSection(SolutionConfigurationPlatforms) = preSolution
		Debug|Any CPU = Debug|Any CPU
		Release|Any CPU = Release|Any CPU
	EndGlobalSection
	GlobalSection(ProjectConfigurationPlatforms) = postSolution
		{EF0634E7-4E18-4325-8402-9972FE1D59CE}.Debug|Any CPU.ActiveCfg = Debug|Any CPU
		{EF0634E7-4E18-4325-8402-9972FE1D59CE}.Debug|Any CPU.Build.0 = Debug|Any CPU
		{EF0634E7-4E18-4325-8402-9972FE1D59CE}.Release|Any CPU.ActiveCfg = Release|Any CPU
		{EF0634E7-4E18-4325-8402-9972FE1D59CE}.Release|Any CPU.Build.0 = Release|Any CPU
	EndGlobalSection
	GlobalSection(SolutionProperties) = preSolution
		HideSolutionNode = FALSE
	EndGlobalSection
	GlobalSection(ExtensibilityGlobals) = postSolution
		SolutionGuid = {C7A72126-0CF9-4518-A598-8C43D418BFD0}
	EndGlobalSection
EndGlobal
